// !$*UTF8*$!
{
	archiveVersion = 1;
	classes = {
	};
	objectVersion = 56;
	objects = {

/* Begin PBXBuildFile section */
		F4C8463C2B5E82C7006F4F26 /* AppDelegate.swift in Sources */ = {isa = PBXBuildFile; fileRef = F4C8463B2B5E82C7006F4F26 /* AppDelegate.swift */; };
		F4C8463E2B5E82C7006F4F26 /* SceneDelegate.swift in Sources */ = {isa = PBXBuildFile; fileRef = F4C8463D2B5E82C7006F4F26 /* SceneDelegate.swift */; };
		F4C846402B5E82C7006F4F26 /* HomeViewController.swift in Sources */ = {isa = PBXBuildFile; fileRef = F4C8463F2B5E82C7006F4F26 /* HomeViewController.swift */; };
		F4C846432B5E82C7006F4F26 /* Main.storyboard in Resources */ = {isa = PBXBuildFile; fileRef = F4C846412B5E82C7006F4F26 /* Main.storyboard */; };
		F4C846452B5E82C9006F4F26 /* Assets.xcassets in Resources */ = {isa = PBXBuildFile; fileRef = F4C846442B5E82C9006F4F26 /* Assets.xcassets */; };
		F4C846482B5E82C9006F4F26 /* LaunchScreen.storyboard in Resources */ = {isa = PBXBuildFile; fileRef = F4C846462B5E82C9006F4F26 /* LaunchScreen.storyboard */; };
		F4C846532B5E82C9006F4F26 /* tabbarcustomTests.swift in Sources */ = {isa = PBXBuildFile; fileRef = F4C846522B5E82C9006F4F26 /* tabbarcustomTests.swift */; };
		F4C8465D2B5E82C9006F4F26 /* tabbarcustomUITests.swift in Sources */ = {isa = PBXBuildFile; fileRef = F4C8465C2B5E82C9006F4F26 /* tabbarcustomUITests.swift */; };
		F4C8465F2B5E82C9006F4F26 /* tabbarcustomUITestsLaunchTests.swift in Sources */ = {isa = PBXBuildFile; fileRef = F4C8465E2B5E82C9006F4F26 /* tabbarcustomUITestsLaunchTests.swift */; };
		F4C846702B5E8F5C006F4F26 /* SnapKit in Frameworks */ = {isa = PBXBuildFile; productRef = F4C8466F2B5E8F5C006F4F26 /* SnapKit */; };
		F4C846732B5E963B006F4F26 /* Tabman in Frameworks */ = {isa = PBXBuildFile; productRef = F4C846722B5E963B006F4F26 /* Tabman */; };
		F4C846822B5EA5F7006F4F26 /* Pretendard-SemiBold.otf in Resources */ = {isa = PBXBuildFile; fileRef = F4C846792B5EA5F6006F4F26 /* Pretendard-SemiBold.otf */; };
		F4C846832B5EA5F7006F4F26 /* Pretendard-SemiBold.otf in Resources */ = {isa = PBXBuildFile; fileRef = F4C846792B5EA5F6006F4F26 /* Pretendard-SemiBold.otf */; };
		F4C846842B5EA5F7006F4F26 /* Pretendard-SemiBold.otf in Resources */ = {isa = PBXBuildFile; fileRef = F4C846792B5EA5F6006F4F26 /* Pretendard-SemiBold.otf */; };
		F4C846882B5EA5F7006F4F26 /* Pretendard-Medium.otf in Resources */ = {isa = PBXBuildFile; fileRef = F4C8467B2B5EA5F7006F4F26 /* Pretendard-Medium.otf */; };
		F4C846892B5EA5F7006F4F26 /* Pretendard-Medium.otf in Resources */ = {isa = PBXBuildFile; fileRef = F4C8467B2B5EA5F7006F4F26 /* Pretendard-Medium.otf */; };
		F4C8468A2B5EA5F7006F4F26 /* Pretendard-Medium.otf in Resources */ = {isa = PBXBuildFile; fileRef = F4C8467B2B5EA5F7006F4F26 /* Pretendard-Medium.otf */; };
		F4C846972B5EA5F7006F4F26 /* Pretendard-Bold.otf in Resources */ = {isa = PBXBuildFile; fileRef = F4C846802B5EA5F7006F4F26 /* Pretendard-Bold.otf */; };
		F4C846982B5EA5F7006F4F26 /* Pretendard-Bold.otf in Resources */ = {isa = PBXBuildFile; fileRef = F4C846802B5EA5F7006F4F26 /* Pretendard-Bold.otf */; };
		F4C846992B5EA5F7006F4F26 /* Pretendard-Bold.otf in Resources */ = {isa = PBXBuildFile; fileRef = F4C846802B5EA5F7006F4F26 /* Pretendard-Bold.otf */; };
		F4C846E02B667769006F4F26 /* TableViewCell.swift in Sources */ = {isa = PBXBuildFile; fileRef = F4C846DF2B667768006F4F26 /* TableViewCell.swift */; };
		F4C846E22B66A31D006F4F26 /* CollectionViewCell.swift in Sources */ = {isa = PBXBuildFile; fileRef = F4C846E12B66A31C006F4F26 /* CollectionViewCell.swift */; };
		F4C847242B6A4E48006F4F26 /* SearchViewController.swift in Sources */ = {isa = PBXBuildFile; fileRef = F4C847232B6A4E48006F4F26 /* SearchViewController.swift */; };
		F4C847672B6FD190006F4F26 /* PhotoCardCollectionViewCell.swift in Sources */ = {isa = PBXBuildFile; fileRef = F4C847662B6FD190006F4F26 /* PhotoCardCollectionViewCell.swift */; };
		F4C847692B713587006F4F26 /* CurationViewController.swift in Sources */ = {isa = PBXBuildFile; fileRef = F4C847682B713587006F4F26 /* CurationViewController.swift */; };
		F4C8476B2B73A27F006F4F26 /* AddPhotoViewController.swift in Sources */ = {isa = PBXBuildFile; fileRef = F4C8476A2B73A27E006F4F26 /* AddPhotoViewController.swift */; };
		F4C8476D2B73B6C3006F4F26 /* ImageContainerCollectionViewCell.swift in Sources */ = {isa = PBXBuildFile; fileRef = F4C8476C2B73B6C3006F4F26 /* ImageContainerCollectionViewCell.swift */; };
		F4C847892B74FE89006F4F26 /* Alamofire in Frameworks */ = {isa = PBXBuildFile; productRef = F4C847882B74FE89006F4F26 /* Alamofire */; };
/* End PBXBuildFile section */

/* Begin PBXContainerItemProxy section */
		F4C8464F2B5E82C9006F4F26 /* PBXContainerItemProxy */ = {
			isa = PBXContainerItemProxy;
			containerPortal = F4C846302B5E82C7006F4F26 /* Project object */;
			proxyType = 1;
			remoteGlobalIDString = F4C846372B5E82C7006F4F26;
			remoteInfo = tabbarcustom;
		};
		F4C846592B5E82C9006F4F26 /* PBXContainerItemProxy */ = {
			isa = PBXContainerItemProxy;
			containerPortal = F4C846302B5E82C7006F4F26 /* Project object */;
			proxyType = 1;
			remoteGlobalIDString = F4C846372B5E82C7006F4F26;
			remoteInfo = tabbarcustom;
		};
/* End PBXContainerItemProxy section */

/* Begin PBXFileReference section */
		F4C846382B5E82C7006F4F26 /* tabbarcustom.app */ = {isa = PBXFileReference; explicitFileType = wrapper.application; includeInIndex = 0; path = tabbarcustom.app; sourceTree = BUILT_PRODUCTS_DIR; };
		F4C8463B2B5E82C7006F4F26 /* AppDelegate.swift */ = {isa = PBXFileReference; lastKnownFileType = sourcecode.swift; path = AppDelegate.swift; sourceTree = "<group>"; };
		F4C8463D2B5E82C7006F4F26 /* SceneDelegate.swift */ = {isa = PBXFileReference; lastKnownFileType = sourcecode.swift; path = SceneDelegate.swift; sourceTree = "<group>"; };
		F4C8463F2B5E82C7006F4F26 /* HomeViewController.swift */ = {isa = PBXFileReference; lastKnownFileType = sourcecode.swift; path = HomeViewController.swift; sourceTree = "<group>"; };
		F4C846422B5E82C7006F4F26 /* Base */ = {isa = PBXFileReference; lastKnownFileType = file.storyboard; name = Base; path = Base.lproj/Main.storyboard; sourceTree = "<group>"; };
		F4C846442B5E82C9006F4F26 /* Assets.xcassets */ = {isa = PBXFileReference; lastKnownFileType = folder.assetcatalog; path = Assets.xcassets; sourceTree = "<group>"; };
		F4C846472B5E82C9006F4F26 /* Base */ = {isa = PBXFileReference; lastKnownFileType = file.storyboard; name = Base; path = Base.lproj/LaunchScreen.storyboard; sourceTree = "<group>"; };
		F4C846492B5E82C9006F4F26 /* Info.plist */ = {isa = PBXFileReference; lastKnownFileType = text.plist.xml; path = Info.plist; sourceTree = "<group>"; };
		F4C8464E2B5E82C9006F4F26 /* tabbarcustomTests.xctest */ = {isa = PBXFileReference; explicitFileType = wrapper.cfbundle; includeInIndex = 0; path = tabbarcustomTests.xctest; sourceTree = BUILT_PRODUCTS_DIR; };
		F4C846522B5E82C9006F4F26 /* tabbarcustomTests.swift */ = {isa = PBXFileReference; lastKnownFileType = sourcecode.swift; path = tabbarcustomTests.swift; sourceTree = "<group>"; };
		F4C846582B5E82C9006F4F26 /* tabbarcustomUITests.xctest */ = {isa = PBXFileReference; explicitFileType = wrapper.cfbundle; includeInIndex = 0; path = tabbarcustomUITests.xctest; sourceTree = BUILT_PRODUCTS_DIR; };
		F4C8465C2B5E82C9006F4F26 /* tabbarcustomUITests.swift */ = {isa = PBXFileReference; lastKnownFileType = sourcecode.swift; path = tabbarcustomUITests.swift; sourceTree = "<group>"; };
		F4C8465E2B5E82C9006F4F26 /* tabbarcustomUITestsLaunchTests.swift */ = {isa = PBXFileReference; lastKnownFileType = sourcecode.swift; path = tabbarcustomUITestsLaunchTests.swift; sourceTree = "<group>"; };
		F4C846792B5EA5F6006F4F26 /* Pretendard-SemiBold.otf */ = {isa = PBXFileReference; lastKnownFileType = file; path = "Pretendard-SemiBold.otf"; sourceTree = "<group>"; };
		F4C8467B2B5EA5F7006F4F26 /* Pretendard-Medium.otf */ = {isa = PBXFileReference; lastKnownFileType = file; path = "Pretendard-Medium.otf"; sourceTree = "<group>"; };
		F4C846802B5EA5F7006F4F26 /* Pretendard-Bold.otf */ = {isa = PBXFileReference; lastKnownFileType = file; path = "Pretendard-Bold.otf"; sourceTree = "<group>"; };
		F4C846DF2B667768006F4F26 /* TableViewCell.swift */ = {isa = PBXFileReference; lastKnownFileType = sourcecode.swift; path = TableViewCell.swift; sourceTree = "<group>"; };
		F4C846E12B66A31C006F4F26 /* CollectionViewCell.swift */ = {isa = PBXFileReference; lastKnownFileType = sourcecode.swift; path = CollectionViewCell.swift; sourceTree = "<group>"; };
		F4C847232B6A4E48006F4F26 /* SearchViewController.swift */ = {isa = PBXFileReference; lastKnownFileType = sourcecode.swift; path = SearchViewController.swift; sourceTree = "<group>"; };
		F4C847662B6FD190006F4F26 /* PhotoCardCollectionViewCell.swift */ = {isa = PBXFileReference; lastKnownFileType = sourcecode.swift; path = PhotoCardCollectionViewCell.swift; sourceTree = "<group>"; };
		F4C847682B713587006F4F26 /* CurationViewController.swift */ = {isa = PBXFileReference; lastKnownFileType = sourcecode.swift; path = CurationViewController.swift; sourceTree = "<group>"; };
		F4C8476A2B73A27E006F4F26 /* AddPhotoViewController.swift */ = {isa = PBXFileReference; lastKnownFileType = sourcecode.swift; path = AddPhotoViewController.swift; sourceTree = "<group>"; };
		F4C8476C2B73B6C3006F4F26 /* ImageContainerCollectionViewCell.swift */ = {isa = PBXFileReference; lastKnownFileType = sourcecode.swift; path = ImageContainerCollectionViewCell.swift; sourceTree = "<group>"; };
/* End PBXFileReference section */

/* Begin PBXFrameworksBuildPhase section */
		F4C846352B5E82C7006F4F26 /* Frameworks */ = {
			isa = PBXFrameworksBuildPhase;
			buildActionMask = 2147483647;
			files = (
				F4C847892B74FE89006F4F26 /* Alamofire in Frameworks */,
				F4C846702B5E8F5C006F4F26 /* SnapKit in Frameworks */,
				F4C846732B5E963B006F4F26 /* Tabman in Frameworks */,
			);
			runOnlyForDeploymentPostprocessing = 0;
		};
		F4C8464B2B5E82C9006F4F26 /* Frameworks */ = {
			isa = PBXFrameworksBuildPhase;
			buildActionMask = 2147483647;
			files = (
			);
			runOnlyForDeploymentPostprocessing = 0;
		};
		F4C846552B5E82C9006F4F26 /* Frameworks */ = {
			isa = PBXFrameworksBuildPhase;
			buildActionMask = 2147483647;
			files = (
			);
			runOnlyForDeploymentPostprocessing = 0;
		};
/* End PBXFrameworksBuildPhase section */

/* Begin PBXGroup section */
		F4C8462F2B5E82C7006F4F26 = {
			isa = PBXGroup;
			children = (
				F4C846762B5EA520006F4F26 /* Font */,
				F4C8463A2B5E82C7006F4F26 /* tabbarcustom */,
				F4C846512B5E82C9006F4F26 /* tabbarcustomTests */,
				F4C8465B2B5E82C9006F4F26 /* tabbarcustomUITests */,
				F4C846392B5E82C7006F4F26 /* Products */,
				F4C8466E2B5E8F5C006F4F26 /* Frameworks */,
			);
			sourceTree = "<group>";
		};
		F4C846392B5E82C7006F4F26 /* Products */ = {
			isa = PBXGroup;
			children = (
				F4C846382B5E82C7006F4F26 /* tabbarcustom.app */,
				F4C8464E2B5E82C9006F4F26 /* tabbarcustomTests.xctest */,
				F4C846582B5E82C9006F4F26 /* tabbarcustomUITests.xctest */,
			);
			name = Products;
			sourceTree = "<group>";
		};
		F4C8463A2B5E82C7006F4F26 /* tabbarcustom */ = {
			isa = PBXGroup;
			children = (
				F4C8478A2B760D6F006F4F26 /* HomeViewController */,
				F4C847682B713587006F4F26 /* CurationViewController.swift */,
				F4C8463B2B5E82C7006F4F26 /* AppDelegate.swift */,
				F4C8463D2B5E82C7006F4F26 /* SceneDelegate.swift */,
				F4C846412B5E82C7006F4F26 /* Main.storyboard */,
				F4C846442B5E82C9006F4F26 /* Assets.xcassets */,
				F4C846462B5E82C9006F4F26 /* LaunchScreen.storyboard */,
				F4C846492B5E82C9006F4F26 /* Info.plist */,
				F4C847232B6A4E48006F4F26 /* SearchViewController.swift */,
				F4C847662B6FD190006F4F26 /* PhotoCardCollectionViewCell.swift */,
				F4C8476A2B73A27E006F4F26 /* AddPhotoViewController.swift */,
				F4C8476C2B73B6C3006F4F26 /* ImageContainerCollectionViewCell.swift */,
			);
			path = tabbarcustom;
			sourceTree = "<group>";
		};
		F4C846512B5E82C9006F4F26 /* tabbarcustomTests */ = {
			isa = PBXGroup;
			children = (
				F4C846522B5E82C9006F4F26 /* tabbarcustomTests.swift */,
			);
			path = tabbarcustomTests;
			sourceTree = "<group>";
		};
		F4C8465B2B5E82C9006F4F26 /* tabbarcustomUITests */ = {
			isa = PBXGroup;
			children = (
				F4C8465C2B5E82C9006F4F26 /* tabbarcustomUITests.swift */,
				F4C8465E2B5E82C9006F4F26 /* tabbarcustomUITestsLaunchTests.swift */,
			);
			path = tabbarcustomUITests;
			sourceTree = "<group>";
		};
		F4C8466E2B5E8F5C006F4F26 /* Frameworks */ = {
			isa = PBXGroup;
			children = (
			);
			name = Frameworks;
			sourceTree = "<group>";
		};
		F4C846762B5EA520006F4F26 /* Font */ = {
			isa = PBXGroup;
			children = (
				F4C846802B5EA5F7006F4F26 /* Pretendard-Bold.otf */,
				F4C8467B2B5EA5F7006F4F26 /* Pretendard-Medium.otf */,
				F4C846792B5EA5F6006F4F26 /* Pretendard-SemiBold.otf */,
			);
			path = Font;
			sourceTree = "<group>";
		};
		F4C8478A2B760D6F006F4F26 /* HomeViewController */ = {
			isa = PBXGroup;
			children = (
				F4C8463F2B5E82C7006F4F26 /* HomeViewController.swift */,
				F4C846E12B66A31C006F4F26 /* CollectionViewCell.swift */,
				F4C846DF2B667768006F4F26 /* TableViewCell.swift */,
			);
			path = HomeViewController;
			sourceTree = "<group>";
		};
/* End PBXGroup section */

/* Begin PBXNativeTarget section */
		F4C846372B5E82C7006F4F26 /* tabbarcustom */ = {
			isa = PBXNativeTarget;
			buildConfigurationList = F4C846622B5E82C9006F4F26 /* Build configuration list for PBXNativeTarget "tabbarcustom" */;
			buildPhases = (
				F4C846342B5E82C7006F4F26 /* Sources */,
				F4C846352B5E82C7006F4F26 /* Frameworks */,
				F4C846362B5E82C7006F4F26 /* Resources */,
			);
			buildRules = (
			);
			dependencies = (
			);
			name = tabbarcustom;
			packageProductDependencies = (
				F4C8466F2B5E8F5C006F4F26 /* SnapKit */,
				F4C846722B5E963B006F4F26 /* Tabman */,
				F4C847882B74FE89006F4F26 /* Alamofire */,
			);
			productName = tabbarcustom;
			productReference = F4C846382B5E82C7006F4F26 /* tabbarcustom.app */;
			productType = "com.apple.product-type.application";
		};
		F4C8464D2B5E82C9006F4F26 /* tabbarcustomTests */ = {
			isa = PBXNativeTarget;
			buildConfigurationList = F4C846652B5E82C9006F4F26 /* Build configuration list for PBXNativeTarget "tabbarcustomTests" */;
			buildPhases = (
				F4C8464A2B5E82C9006F4F26 /* Sources */,
				F4C8464B2B5E82C9006F4F26 /* Frameworks */,
				F4C8464C2B5E82C9006F4F26 /* Resources */,
			);
			buildRules = (
			);
			dependencies = (
				F4C846502B5E82C9006F4F26 /* PBXTargetDependency */,
			);
			name = tabbarcustomTests;
			productName = tabbarcustomTests;
			productReference = F4C8464E2B5E82C9006F4F26 /* tabbarcustomTests.xctest */;
			productType = "com.apple.product-type.bundle.unit-test";
		};
		F4C846572B5E82C9006F4F26 /* tabbarcustomUITests */ = {
			isa = PBXNativeTarget;
			buildConfigurationList = F4C846682B5E82C9006F4F26 /* Build configuration list for PBXNativeTarget "tabbarcustomUITests" */;
			buildPhases = (
				F4C846542B5E82C9006F4F26 /* Sources */,
				F4C846552B5E82C9006F4F26 /* Frameworks */,
				F4C846562B5E82C9006F4F26 /* Resources */,
			);
			buildRules = (
			);
			dependencies = (
				F4C8465A2B5E82C9006F4F26 /* PBXTargetDependency */,
			);
			name = tabbarcustomUITests;
			productName = tabbarcustomUITests;
			productReference = F4C846582B5E82C9006F4F26 /* tabbarcustomUITests.xctest */;
			productType = "com.apple.product-type.bundle.ui-testing";
		};
/* End PBXNativeTarget section */

/* Begin PBXProject section */
		F4C846302B5E82C7006F4F26 /* Project object */ = {
			isa = PBXProject;
			attributes = {
				BuildIndependentTargetsInParallel = 1;
				LastSwiftUpdateCheck = 1500;
				LastUpgradeCheck = 1500;
				TargetAttributes = {
					F4C846372B5E82C7006F4F26 = {
						CreatedOnToolsVersion = 15.0;
					};
					F4C8464D2B5E82C9006F4F26 = {
						CreatedOnToolsVersion = 15.0;
						TestTargetID = F4C846372B5E82C7006F4F26;
					};
					F4C846572B5E82C9006F4F26 = {
						CreatedOnToolsVersion = 15.0;
						TestTargetID = F4C846372B5E82C7006F4F26;
					};
				};
			};
			buildConfigurationList = F4C846332B5E82C7006F4F26 /* Build configuration list for PBXProject "tabbarcustom" */;
			compatibilityVersion = "Xcode 14.0";
			developmentRegion = en;
			hasScannedForEncodings = 0;
			knownRegions = (
				en,
				Base,
			);
			mainGroup = F4C8462F2B5E82C7006F4F26;
			packageReferences = (
				F4C8466B2B5E8DF8006F4F26 /* XCRemoteSwiftPackageReference "SnapKit" */,
				F4C846712B5E963B006F4F26 /* XCRemoteSwiftPackageReference "Tabman" */,
				F4C847872B74FE89006F4F26 /* XCRemoteSwiftPackageReference "Alamofire" */,
			);
			productRefGroup = F4C846392B5E82C7006F4F26 /* Products */;
			projectDirPath = "";
			projectRoot = "";
			targets = (
				F4C846372B5E82C7006F4F26 /* tabbarcustom */,
				F4C8464D2B5E82C9006F4F26 /* tabbarcustomTests */,
				F4C846572B5E82C9006F4F26 /* tabbarcustomUITests */,
			);
		};
/* End PBXProject section */

/* Begin PBXResourcesBuildPhase section */
		F4C846362B5E82C7006F4F26 /* Resources */ = {
			isa = PBXResourcesBuildPhase;
			buildActionMask = 2147483647;
			files = (
				F4C846972B5EA5F7006F4F26 /* Pretendard-Bold.otf in Resources */,
				F4C846482B5E82C9006F4F26 /* LaunchScreen.storyboard in Resources */,
				F4C846452B5E82C9006F4F26 /* Assets.xcassets in Resources */,
				F4C846432B5E82C7006F4F26 /* Main.storyboard in Resources */,
				F4C846822B5EA5F7006F4F26 /* Pretendard-SemiBold.otf in Resources */,
				F4C846882B5EA5F7006F4F26 /* Pretendard-Medium.otf in Resources */,
			);
			runOnlyForDeploymentPostprocessing = 0;
		};
		F4C8464C2B5E82C9006F4F26 /* Resources */ = {
			isa = PBXResourcesBuildPhase;
			buildActionMask = 2147483647;
			files = (
				F4C846982B5EA5F7006F4F26 /* Pretendard-Bold.otf in Resources */,
				F4C846832B5EA5F7006F4F26 /* Pretendard-SemiBold.otf in Resources */,
				F4C846892B5EA5F7006F4F26 /* Pretendard-Medium.otf in Resources */,
			);
			runOnlyForDeploymentPostprocessing = 0;
		};
		F4C846562B5E82C9006F4F26 /* Resources */ = {
			isa = PBXResourcesBuildPhase;
			buildActionMask = 2147483647;
			files = (
				F4C846992B5EA5F7006F4F26 /* Pretendard-Bold.otf in Resources */,
				F4C846842B5EA5F7006F4F26 /* Pretendard-SemiBold.otf in Resources */,
				F4C8468A2B5EA5F7006F4F26 /* Pretendard-Medium.otf in Resources */,
			);
			runOnlyForDeploymentPostprocessing = 0;
		};
/* End PBXResourcesBuildPhase section */

/* Begin PBXSourcesBuildPhase section */
		F4C846342B5E82C7006F4F26 /* Sources */ = {
			isa = PBXSourcesBuildPhase;
			buildActionMask = 2147483647;
			files = (
				F4C846E22B66A31D006F4F26 /* CollectionViewCell.swift in Sources */,
				F4C847242B6A4E48006F4F26 /* SearchViewController.swift in Sources */,
				F4C846402B5E82C7006F4F26 /* HomeViewController.swift in Sources */,
				F4C846E02B667769006F4F26 /* TableViewCell.swift in Sources */,
				F4C8463C2B5E82C7006F4F26 /* AppDelegate.swift in Sources */,
				F4C847692B713587006F4F26 /* CurationViewController.swift in Sources */,
				F4C847672B6FD190006F4F26 /* PhotoCardCollectionViewCell.swift in Sources */,
				F4C8476B2B73A27F006F4F26 /* AddPhotoViewController.swift in Sources */,
				F4C8476D2B73B6C3006F4F26 /* ImageContainerCollectionViewCell.swift in Sources */,
				F4C8463E2B5E82C7006F4F26 /* SceneDelegate.swift in Sources */,
			);
			runOnlyForDeploymentPostprocessing = 0;
		};
		F4C8464A2B5E82C9006F4F26 /* Sources */ = {
			isa = PBXSourcesBuildPhase;
			buildActionMask = 2147483647;
			files = (
				F4C846532B5E82C9006F4F26 /* tabbarcustomTests.swift in Sources */,
			);
			runOnlyForDeploymentPostprocessing = 0;
		};
		F4C846542B5E82C9006F4F26 /* Sources */ = {
			isa = PBXSourcesBuildPhase;
			buildActionMask = 2147483647;
			files = (
				F4C8465D2B5E82C9006F4F26 /* tabbarcustomUITests.swift in Sources */,
				F4C8465F2B5E82C9006F4F26 /* tabbarcustomUITestsLaunchTests.swift in Sources */,
			);
			runOnlyForDeploymentPostprocessing = 0;
		};
/* End PBXSourcesBuildPhase section */

/* Begin PBXTargetDependency section */
		F4C846502B5E82C9006F4F26 /* PBXTargetDependency */ = {
			isa = PBXTargetDependency;
			target = F4C846372B5E82C7006F4F26 /* tabbarcustom */;
			targetProxy = F4C8464F2B5E82C9006F4F26 /* PBXContainerItemProxy */;
		};
		F4C8465A2B5E82C9006F4F26 /* PBXTargetDependency */ = {
			isa = PBXTargetDependency;
			target = F4C846372B5E82C7006F4F26 /* tabbarcustom */;
			targetProxy = F4C846592B5E82C9006F4F26 /* PBXContainerItemProxy */;
		};
/* End PBXTargetDependency section */

/* Begin PBXVariantGroup section */
		F4C846412B5E82C7006F4F26 /* Main.storyboard */ = {
			isa = PBXVariantGroup;
			children = (
				F4C846422B5E82C7006F4F26 /* Base */,
			);
			name = Main.storyboard;
			sourceTree = "<group>";
		};
		F4C846462B5E82C9006F4F26 /* LaunchScreen.storyboard */ = {
			isa = PBXVariantGroup;
			children = (
				F4C846472B5E82C9006F4F26 /* Base */,
			);
			name = LaunchScreen.storyboard;
			sourceTree = "<group>";
		};
/* End PBXVariantGroup section */

/* Begin XCBuildConfiguration section */
		F4C846602B5E82C9006F4F26 /* Debug */ = {
			isa = XCBuildConfiguration;
			buildSettings = {
				ALWAYS_SEARCH_USER_PATHS = NO;
				ASSETCATALOG_COMPILER_GENERATE_SWIFT_ASSET_SYMBOL_EXTENSIONS = YES;
				CLANG_ANALYZER_NONNULL = YES;
				CLANG_ANALYZER_NUMBER_OBJECT_CONVERSION = YES_AGGRESSIVE;
				CLANG_CXX_LANGUAGE_STANDARD = "gnu++20";
				CLANG_ENABLE_MODULES = YES;
				CLANG_ENABLE_OBJC_ARC = YES;
				CLANG_ENABLE_OBJC_WEAK = YES;
				CLANG_WARN_BLOCK_CAPTURE_AUTORELEASING = YES;
				CLANG_WARN_BOOL_CONVERSION = YES;
				CLANG_WARN_COMMA = YES;
				CLANG_WARN_CONSTANT_CONVERSION = YES;
				CLANG_WARN_DEPRECATED_OBJC_IMPLEMENTATIONS = YES;
				CLANG_WARN_DIRECT_OBJC_ISA_USAGE = YES_ERROR;
				CLANG_WARN_DOCUMENTATION_COMMENTS = YES;
				CLANG_WARN_EMPTY_BODY = YES;
				CLANG_WARN_ENUM_CONVERSION = YES;
				CLANG_WARN_INFINITE_RECURSION = YES;
				CLANG_WARN_INT_CONVERSION = YES;
				CLANG_WARN_NON_LITERAL_NULL_CONVERSION = YES;
				CLANG_WARN_OBJC_IMPLICIT_RETAIN_SELF = YES;
				CLANG_WARN_OBJC_LITERAL_CONVERSION = YES;
				CLANG_WARN_OBJC_ROOT_CLASS = YES_ERROR;
				CLANG_WARN_QUOTED_INCLUDE_IN_FRAMEWORK_HEADER = YES;
				CLANG_WARN_RANGE_LOOP_ANALYSIS = YES;
				CLANG_WARN_STRICT_PROTOTYPES = YES;
				CLANG_WARN_SUSPICIOUS_MOVE = YES;
				CLANG_WARN_UNGUARDED_AVAILABILITY = YES_AGGRESSIVE;
				CLANG_WARN_UNREACHABLE_CODE = YES;
				CLANG_WARN__DUPLICATE_METHOD_MATCH = YES;
				COPY_PHASE_STRIP = NO;
				DEBUG_INFORMATION_FORMAT = dwarf;
				ENABLE_STRICT_OBJC_MSGSEND = YES;
				ENABLE_TESTABILITY = YES;
				ENABLE_USER_SCRIPT_SANDBOXING = YES;
				GCC_C_LANGUAGE_STANDARD = gnu17;
				GCC_DYNAMIC_NO_PIC = NO;
				GCC_NO_COMMON_BLOCKS = YES;
				GCC_OPTIMIZATION_LEVEL = 0;
				GCC_PREPROCESSOR_DEFINITIONS = (
					"DEBUG=1",
					"$(inherited)",
				);
				GCC_WARN_64_TO_32_BIT_CONVERSION = YES;
				GCC_WARN_ABOUT_RETURN_TYPE = YES_ERROR;
				GCC_WARN_UNDECLARED_SELECTOR = YES;
				GCC_WARN_UNINITIALIZED_AUTOS = YES_AGGRESSIVE;
				GCC_WARN_UNUSED_FUNCTION = YES;
				GCC_WARN_UNUSED_VARIABLE = YES;
				IPHONEOS_DEPLOYMENT_TARGET = 17.0;
				LOCALIZATION_PREFERS_STRING_CATALOGS = YES;
				MTL_ENABLE_DEBUG_INFO = INCLUDE_SOURCE;
				MTL_FAST_MATH = YES;
				ONLY_ACTIVE_ARCH = YES;
				SDKROOT = iphoneos;
				SWIFT_ACTIVE_COMPILATION_CONDITIONS = "DEBUG $(inherited)";
				SWIFT_OPTIMIZATION_LEVEL = "-Onone";
			};
			name = Debug;
		};
		F4C846612B5E82C9006F4F26 /* Release */ = {
			isa = XCBuildConfiguration;
			buildSettings = {
				ALWAYS_SEARCH_USER_PATHS = NO;
				ASSETCATALOG_COMPILER_GENERATE_SWIFT_ASSET_SYMBOL_EXTENSIONS = YES;
				CLANG_ANALYZER_NONNULL = YES;
				CLANG_ANALYZER_NUMBER_OBJECT_CONVERSION = YES_AGGRESSIVE;
				CLANG_CXX_LANGUAGE_STANDARD = "gnu++20";
				CLANG_ENABLE_MODULES = YES;
				CLANG_ENABLE_OBJC_ARC = YES;
				CLANG_ENABLE_OBJC_WEAK = YES;
				CLANG_WARN_BLOCK_CAPTURE_AUTORELEASING = YES;
				CLANG_WARN_BOOL_CONVERSION = YES;
				CLANG_WARN_COMMA = YES;
				CLANG_WARN_CONSTANT_CONVERSION = YES;
				CLANG_WARN_DEPRECATED_OBJC_IMPLEMENTATIONS = YES;
				CLANG_WARN_DIRECT_OBJC_ISA_USAGE = YES_ERROR;
				CLANG_WARN_DOCUMENTATION_COMMENTS = YES;
				CLANG_WARN_EMPTY_BODY = YES;
				CLANG_WARN_ENUM_CONVERSION = YES;
				CLANG_WARN_INFINITE_RECURSION = YES;
				CLANG_WARN_INT_CONVERSION = YES;
				CLANG_WARN_NON_LITERAL_NULL_CONVERSION = YES;
				CLANG_WARN_OBJC_IMPLICIT_RETAIN_SELF = YES;
				CLANG_WARN_OBJC_LITERAL_CONVERSION = YES;
				CLANG_WARN_OBJC_ROOT_CLASS = YES_ERROR;
				CLANG_WARN_QUOTED_INCLUDE_IN_FRAMEWORK_HEADER = YES;
				CLANG_WARN_RANGE_LOOP_ANALYSIS = YES;
				CLANG_WARN_STRICT_PROTOTYPES = YES;
				CLANG_WARN_SUSPICIOUS_MOVE = YES;
				CLANG_WARN_UNGUARDED_AVAILABILITY = YES_AGGRESSIVE;
				CLANG_WARN_UNREACHABLE_CODE = YES;
				CLANG_WARN__DUPLICATE_METHOD_MATCH = YES;
				COPY_PHASE_STRIP = NO;
				DEBUG_INFORMATION_FORMAT = "dwarf-with-dsym";
				ENABLE_NS_ASSERTIONS = NO;
				ENABLE_STRICT_OBJC_MSGSEND = YES;
				ENABLE_USER_SCRIPT_SANDBOXING = YES;
				GCC_C_LANGUAGE_STANDARD = gnu17;
				GCC_NO_COMMON_BLOCKS = YES;
				GCC_WARN_64_TO_32_BIT_CONVERSION = YES;
				GCC_WARN_ABOUT_RETURN_TYPE = YES_ERROR;
				GCC_WARN_UNDECLARED_SELECTOR = YES;
				GCC_WARN_UNINITIALIZED_AUTOS = YES_AGGRESSIVE;
				GCC_WARN_UNUSED_FUNCTION = YES;
				GCC_WARN_UNUSED_VARIABLE = YES;
				IPHONEOS_DEPLOYMENT_TARGET = 17.0;
				LOCALIZATION_PREFERS_STRING_CATALOGS = YES;
				MTL_ENABLE_DEBUG_INFO = NO;
				MTL_FAST_MATH = YES;
				SDKROOT = iphoneos;
				SWIFT_COMPILATION_MODE = wholemodule;
				VALIDATE_PRODUCT = YES;
			};
			name = Release;
		};
		F4C846632B5E82C9006F4F26 /* Debug */ = {
			isa = XCBuildConfiguration;
			buildSettings = {
				ASSETCATALOG_COMPILER_APPICON_NAME = AppIcon;
				ASSETCATALOG_COMPILER_GLOBAL_ACCENT_COLOR_NAME = AccentColor;
				CODE_SIGN_STYLE = Automatic;
				CURRENT_PROJECT_VERSION = 1;
				DEVELOPMENT_TEAM = FTV7NTFFYN;
				GENERATE_INFOPLIST_FILE = YES;
				INFOPLIST_FILE = tabbarcustom/Info.plist;
				INFOPLIST_KEY_UIApplicationSupportsIndirectInputEvents = YES;
				INFOPLIST_KEY_UILaunchStoryboardName = LaunchScreen;
				INFOPLIST_KEY_UIMainStoryboardFile = Main;
				INFOPLIST_KEY_UISupportedInterfaceOrientations_iPad = "UIInterfaceOrientationPortrait UIInterfaceOrientationPortraitUpsideDown UIInterfaceOrientationLandscapeLeft UIInterfaceOrientationLandscapeRight";
				INFOPLIST_KEY_UISupportedInterfaceOrientations_iPhone = "UIInterfaceOrientationPortrait UIInterfaceOrientationLandscapeLeft UIInterfaceOrientationLandscapeRight";
				LD_RUNPATH_SEARCH_PATHS = (
					"$(inherited)",
					"@executable_path/Frameworks",
				);
				MARKETING_VERSION = 1.0;
				PRODUCT_BUNDLE_IDENTIFIER = jay.tabbarcustom;
				PRODUCT_NAME = "$(TARGET_NAME)";
				SWIFT_EMIT_LOC_STRINGS = YES;
				SWIFT_VERSION = 5.0;
				TARGETED_DEVICE_FAMILY = "1,2";
			};
			name = Debug;
		};
		F4C846642B5E82C9006F4F26 /* Release */ = {
			isa = XCBuildConfiguration;
			buildSettings = {
				ASSETCATALOG_COMPILER_APPICON_NAME = AppIcon;
				ASSETCATALOG_COMPILER_GLOBAL_ACCENT_COLOR_NAME = AccentColor;
				CODE_SIGN_STYLE = Automatic;
				CURRENT_PROJECT_VERSION = 1;
				DEVELOPMENT_TEAM = FTV7NTFFYN;
				GENERATE_INFOPLIST_FILE = YES;
				INFOPLIST_FILE = tabbarcustom/Info.plist;
				INFOPLIST_KEY_UIApplicationSupportsIndirectInputEvents = YES;
				INFOPLIST_KEY_UILaunchStoryboardName = LaunchScreen;
				INFOPLIST_KEY_UIMainStoryboardFile = Main;
				INFOPLIST_KEY_UISupportedInterfaceOrientations_iPad = "UIInterfaceOrientationPortrait UIInterfaceOrientationPortraitUpsideDown UIInterfaceOrientationLandscapeLeft UIInterfaceOrientationLandscapeRight";
				INFOPLIST_KEY_UISupportedInterfaceOrientations_iPhone = "UIInterfaceOrientationPortrait UIInterfaceOrientationLandscapeLeft UIInterfaceOrientationLandscapeRight";
				LD_RUNPATH_SEARCH_PATHS = (
					"$(inherited)",
					"@executable_path/Frameworks",
				);
				MARKETING_VERSION = 1.0;
				PRODUCT_BUNDLE_IDENTIFIER = jay.tabbarcustom;
				PRODUCT_NAME = "$(TARGET_NAME)";
				SWIFT_EMIT_LOC_STRINGS = YES;
				SWIFT_VERSION = 5.0;
				TARGETED_DEVICE_FAMILY = "1,2";
			};
			name = Release;
		};
		F4C846662B5E82C9006F4F26 /* Debug */ = {
			isa = XCBuildConfiguration;
			buildSettings = {
				ALWAYS_EMBED_SWIFT_STANDARD_LIBRARIES = YES;
				BUNDLE_LOADER = "$(TEST_HOST)";
				CODE_SIGN_STYLE = Automatic;
				CURRENT_PROJECT_VERSION = 1;
				DEVELOPMENT_TEAM = FTV7NTFFYN;
				GENERATE_INFOPLIST_FILE = YES;
				IPHONEOS_DEPLOYMENT_TARGET = 17.0;
				MARKETING_VERSION = 1.0;
				PRODUCT_BUNDLE_IDENTIFIER = jay.tabbarcustomTests;
				PRODUCT_NAME = "$(TARGET_NAME)";
				SWIFT_EMIT_LOC_STRINGS = NO;
				SWIFT_VERSION = 5.0;
				TARGETED_DEVICE_FAMILY = "1,2";
				TEST_HOST = "$(BUILT_PRODUCTS_DIR)/tabbarcustom.app/$(BUNDLE_EXECUTABLE_FOLDER_PATH)/tabbarcustom";
			};
			name = Debug;
		};
		F4C846672B5E82C9006F4F26 /* Release */ = {
			isa = XCBuildConfiguration;
			buildSettings = {
				ALWAYS_EMBED_SWIFT_STANDARD_LIBRARIES = YES;
				BUNDLE_LOADER = "$(TEST_HOST)";
				CODE_SIGN_STYLE = Automatic;
				CURRENT_PROJECT_VERSION = 1;
				DEVELOPMENT_TEAM = FTV7NTFFYN;
				GENERATE_INFOPLIST_FILE = YES;
				IPHONEOS_DEPLOYMENT_TARGET = 17.0;
				MARKETING_VERSION = 1.0;
				PRODUCT_BUNDLE_IDENTIFIER = jay.tabbarcustomTests;
				PRODUCT_NAME = "$(TARGET_NAME)";
				SWIFT_EMIT_LOC_STRINGS = NO;
				SWIFT_VERSION = 5.0;
				TARGETED_DEVICE_FAMILY = "1,2";
				TEST_HOST = "$(BUILT_PRODUCTS_DIR)/tabbarcustom.app/$(BUNDLE_EXECUTABLE_FOLDER_PATH)/tabbarcustom";
			};
			name = Release;
		};
		F4C846692B5E82C9006F4F26 /* Debug */ = {
			isa = XCBuildConfiguration;
			buildSettings = {
				ALWAYS_EMBED_SWIFT_STANDARD_LIBRARIES = YES;
				CODE_SIGN_STYLE = Automatic;
				CURRENT_PROJECT_VERSION = 1;
				DEVELOPMENT_TEAM = FTV7NTFFYN;
				GENERATE_INFOPLIST_FILE = YES;
				MARKETING_VERSION = 1.0;
				PRODUCT_BUNDLE_IDENTIFIER = jay.tabbarcustomUITests;
				PRODUCT_NAME = "$(TARGET_NAME)";
				SWIFT_EMIT_LOC_STRINGS = NO;
				SWIFT_VERSION = 5.0;
				TARGETED_DEVICE_FAMILY = "1,2";
				TEST_TARGET_NAME = tabbarcustom;
			};
			name = Debug;
		};
		F4C8466A2B5E82C9006F4F26 /* Release */ = {
			isa = XCBuildConfiguration;
			buildSettings = {
				ALWAYS_EMBED_SWIFT_STANDARD_LIBRARIES = YES;
				CODE_SIGN_STYLE = Automatic;
				CURRENT_PROJECT_VERSION = 1;
				DEVELOPMENT_TEAM = FTV7NTFFYN;
				GENERATE_INFOPLIST_FILE = YES;
				MARKETING_VERSION = 1.0;
				PRODUCT_BUNDLE_IDENTIFIER = jay.tabbarcustomUITests;
				PRODUCT_NAME = "$(TARGET_NAME)";
				SWIFT_EMIT_LOC_STRINGS = NO;
				SWIFT_VERSION = 5.0;
				TARGETED_DEVICE_FAMILY = "1,2";
				TEST_TARGET_NAME = tabbarcustom;
			};
			name = Release;
		};
/* End XCBuildConfiguration section */

/* Begin XCConfigurationList section */
		F4C846332B5E82C7006F4F26 /* Build configuration list for PBXProject "tabbarcustom" */ = {
			isa = XCConfigurationList;
			buildConfigurations = (
				F4C846602B5E82C9006F4F26 /* Debug */,
				F4C846612B5E82C9006F4F26 /* Release */,
			);
			defaultConfigurationIsVisible = 0;
			defaultConfigurationName = Release;
		};
		F4C846622B5E82C9006F4F26 /* Build configuration list for PBXNativeTarget "tabbarcustom" */ = {
			isa = XCConfigurationList;
			buildConfigurations = (
				F4C846632B5E82C9006F4F26 /* Debug */,
				F4C846642B5E82C9006F4F26 /* Release */,
			);
			defaultConfigurationIsVisible = 0;
			defaultConfigurationName = Release;
		};
		F4C846652B5E82C9006F4F26 /* Build configuration list for PBXNativeTarget "tabbarcustomTests" */ = {
			isa = XCConfigurationList;
			buildConfigurations = (
				F4C846662B5E82C9006F4F26 /* Debug */,
				F4C846672B5E82C9006F4F26 /* Release */,
			);
			defaultConfigurationIsVisible = 0;
			defaultConfigurationName = Release;
		};
		F4C846682B5E82C9006F4F26 /* Build configuration list for PBXNativeTarget "tabbarcustomUITests" */ = {
			isa = XCConfigurationList;
			buildConfigurations = (
				F4C846692B5E82C9006F4F26 /* Debug */,
				F4C8466A2B5E82C9006F4F26 /* Release */,
			);
			defaultConfigurationIsVisible = 0;
			defaultConfigurationName = Release;
		};
/* End XCConfigurationList section */

/* Begin XCRemoteSwiftPackageReference section */
		F4C8466B2B5E8DF8006F4F26 /* XCRemoteSwiftPackageReference "SnapKit" */ = {
			isa = XCRemoteSwiftPackageReference;
			repositoryURL = "https://github.com/SnapKit/SnapKit";
			requirement = {
				kind = upToNextMajorVersion;
				minimumVersion = 5.7.0;
			};
		};
		F4C846712B5E963B006F4F26 /* XCRemoteSwiftPackageReference "Tabman" */ = {
			isa = XCRemoteSwiftPackageReference;
			repositoryURL = "https://github.com/uias/Tabman";
			requirement = {
				kind = upToNextMajorVersion;
				minimumVersion = 3.0.2;
			};
		};
		F4C847872B74FE89006F4F26 /* XCRemoteSwiftPackageReference "Alamofire" */ = {
			isa = XCRemoteSwiftPackageReference;
			repositoryURL = "https://github.com/Alamofire/Alamofire";
			requirement = {
				kind = upToNextMajorVersion;
				minimumVersion = 5.8.1;
			};
		};
/* End XCRemoteSwiftPackageReference section */

/* Begin XCSwiftPackageProductDependency section */
		F4C8466F2B5E8F5C006F4F26 /* SnapKit */ = {
			isa = XCSwiftPackageProductDependency;
			package = F4C8466B2B5E8DF8006F4F26 /* XCRemoteSwiftPackageReference "SnapKit" */;
			productName = SnapKit;
		};
		F4C846722B5E963B006F4F26 /* Tabman */ = {
			isa = XCSwiftPackageProductDependency;
			package = F4C846712B5E963B006F4F26 /* XCRemoteSwiftPackageReference "Tabman" */;
			productName = Tabman;
		};
		F4C847882B74FE89006F4F26 /* Alamofire */ = {
			isa = XCSwiftPackageProductDependency;
			package = F4C847872B74FE89006F4F26 /* XCRemoteSwiftPackageReference "Alamofire" */;
			productName = Alamofire;
		};
/* End XCSwiftPackageProductDependency section */
	};
	rootObject = F4C846302B5E82C7006F4F26 /* Project object */;
}
